
Microsoft Visual Studio Solution File, Format Version 12.00
# Visual Studio Version 18
VisualStudioVersion = 18.4.11626.88 stable
MinimumVisualStudioVersion = 10.0.40219.1
Project("{FAE04EC0-301F-11D3-BF4B-00C04F79EFBC}") = "DCMViewer", "DCMViewer.csproj", "{537EF092-6BB6-C108-E21F-F20AAC7D241B}"
EndProject
Global
	GlobalSection(SolutionConfigurationPlatforms) = preSolution
		Debug|Any CPU = Debug|Any CPU
		Release|Any CPU = Release|Any CPU
	EndGlobalSection
	GlobalSection(ProjectConfigurationPlatforms) = postSolution
		{537EF092-6BB6-C108-E21F-F20AAC7D241B}.Debug|Any CPU.ActiveCfg = Debug|Any CPU
		{537EF092-6BB6-C108-E21F-F20AAC7D241B}.Debug|Any CPU.Build.0 = Debug|Any CPU
		{537EF092-6BB6-C108-E21F-F20AAC7D241B}.Release|Any CPU.ActiveCfg = Release|Any CPU
		{537EF092-6BB6-C108-E21F-F20AAC7D241B}.Release|Any CPU.Build.0 = Release|Any CPU
	EndGlobalSection
	GlobalSection(SolutionProperties) = preSolution
		HideSolutionNode = FALSE
	EndGlobalSection
	GlobalSection(ExtensibilityGlobals) = postSolution
		SolutionGuid = {11EC9C2E-1441-4496-A744-4FF035801938}
	EndGlobalSection
EndGlobal
